
Microsoft Visual Studio Solution File, Format Version 12.00
# Visual Studio 15
VisualStudioVersion = 15.0.27130.2024
MinimumVisualStudioVersion = 10.0.40219.1
Project("{FAE04EC0-301F-11D3-BF4B-00C04F79EFBC}") = "ChatProgram", "ChatProgram\ChatProgram.csproj", "{D87B790E-19DF-4C13-9131-E5BF1054F6B1}"
EndProject
Project("{FAE04EC0-301F-11D3-BF4B-00C04F79EFBC}") = "ChatLib", "ChatLib\ChatLib.csproj", "{8307F6D0-1A0D-49D7-834D-0D5045A3571F}"
EndProject
Project("{FAE04EC0-301F-11D3-BF4B-00C04F79EFBC}") = "ServerChat", "ServerChat\ServerChat.csproj", "{3566C494-0D04-447B-BB99-D757D86C8FC5}"
EndProject
Project("{FAE04EC0-301F-11D3-BF4B-00C04F79EFBC}") = "LoggerLib", "LoggerLib\LoggerLib.csproj", "{322BE14D-89BD-46FB-B348-286C4CB728C8}"
EndProject
Global
	GlobalSection(SolutionConfigurationPlatforms) = preSolution
		Debug|Any CPU = Debug|Any CPU
		Release|Any CPU = Release|Any CPU
	EndGlobalSection
	GlobalSection(ProjectConfigurationPlatforms) = postSolution
		{D87B790E-19DF-4C13-9131-E5BF1054F6B1}.Debug|Any CPU.ActiveCfg = Debug|Any CPU
		{D87B790E-19DF-4C13-9131-E5BF1054F6B1}.Debug|Any CPU.Build.0 = Debug|Any CPU
		{D87B790E-19DF-4C13-9131-E5BF1054F6B1}.Release|Any CPU.ActiveCfg = Release|Any CPU
		{D87B790E-19DF-4C13-9131-E5BF1054F6B1}.Release|Any CPU.Build.0 = Release|Any CPU
		{8307F6D0-1A0D-49D7-834D-0D5045A3571F}.Debug|Any CPU.ActiveCfg = Debug|Any CPU
		{8307F6D0-1A0D-49D7-834D-0D5045A3571F}.Debug|Any CPU.Build.0 = Debug|Any CPU
		{8307F6D0-1A0D-49D7-834D-0D5045A3571F}.Release|Any CPU.ActiveCfg = Release|Any CPU
		{8307F6D0-1A0D-49D7-834D-0D5045A3571F}.Release|Any CPU.Build.0 = Release|Any CPU
		{3566C494-0D04-447B-BB99-D757D86C8FC5}.Debug|Any CPU.ActiveCfg = Debug|Any CPU
		{3566C494-0D04-447B-BB99-D757D86C8FC5}.Debug|Any CPU.Build.0 = Debug|Any CPU
		{3566C494-0D04-447B-BB99-D757D86C8FC5}.Release|Any CPU.ActiveCfg = Release|Any CPU
		{3566C494-0D04-447B-BB99-D757D86C8FC5}.Release|Any CPU.Build.0 = Release|Any CPU
		{322BE14D-89BD-46FB-B348-286C4CB728C8}.Debug|Any CPU.ActiveCfg = Debug|Any CPU
		{322BE14D-89BD-46FB-B348-286C4CB728C8}.Debug|Any CPU.Build.0 = Debug|Any CPU
		{322BE14D-89BD-46FB-B348-286C4CB728C8}.Release|Any CPU.ActiveCfg = Release|Any CPU
		{322BE14D-89BD-46FB-B348-286C4CB728C8}.Release|Any CPU.Build.0 = Release|Any CPU
	EndGlobalSection
	GlobalSection(SolutionProperties) = preSolution
		HideSolutionNode = FALSE
	EndGlobalSection
	GlobalSection(ExtensibilityGlobals) = postSolution
		SolutionGuid = {23700ED1-150D-43BA-A438-AC21D76A2334}
	EndGlobalSection
EndGlobal
